
Microsoft Visual Studio Solution File, Format Version 12.00
# Visual Studio Version 17
VisualStudioVersion = 17.13.35825.156 d17.13
MinimumVisualStudioVersion = 10.0.40219.1
Project("{FAE04EC0-301F-11D3-BF4B-00C04F79EFBC}") = "PruebaChat.AppHost", "PruebaChat.AppHost\PruebaChat.AppHost.csproj", "{328C0069-1112-BF96-8BC5-99A436E6877D}"
EndProject
Project("{FAE04EC0-301F-11D3-BF4B-00C04F79EFBC}") = "PruebaChat.ServiceDefaults", "PruebaChat.ServiceDefaults\PruebaChat.ServiceDefaults.csproj", "{0E949BDF-5D22-D88C-9375-B52983783148}"
EndProject
Project("{FAE04EC0-301F-11D3-BF4B-00C04F79EFBC}") = "PruebaChat.Web", "PruebaChat.Web\PruebaChat.Web.csproj", "{923C57CE-513C-B427-2214-9D505350C272}"
EndProject
Global
	GlobalSection(SolutionConfigurationPlatforms) = preSolution
		Debug|Any CPU = Debug|Any CPU
		Release|Any CPU = Release|Any CPU
	EndGlobalSection
	GlobalSection(ProjectConfigurationPlatforms) = postSolution
		{328C0069-1112-BF96-8BC5-99A436E6877D}.Debug|Any CPU.ActiveCfg = Debug|Any CPU
		{328C0069-1112-BF96-8BC5-99A436E6877D}.Debug|Any CPU.Build.0 = Debug|Any CPU
		{328C0069-1112-BF96-8BC5-99A436E6877D}.Release|Any CPU.ActiveCfg = Release|Any CPU
		{328C0069-1112-BF96-8BC5-99A436E6877D}.Release|Any CPU.Build.0 = Release|Any CPU
		{0E949BDF-5D22-D88C-9375-B52983783148}.Debug|Any CPU.ActiveCfg = Debug|Any CPU
		{0E949BDF-5D22-D88C-9375-B52983783148}.Debug|Any CPU.Build.0 = Debug|Any CPU
		{0E949BDF-5D22-D88C-9375-B52983783148}.Release|Any CPU.ActiveCfg = Release|Any CPU
		{0E949BDF-5D22-D88C-9375-B52983783148}.Release|Any CPU.Build.0 = Release|Any CPU
		{923C57CE-513C-B427-2214-9D505350C272}.Debug|Any CPU.ActiveCfg = Debug|Any CPU
		{923C57CE-513C-B427-2214-9D505350C272}.Debug|Any CPU.Build.0 = Debug|Any CPU
		{923C57CE-513C-B427-2214-9D505350C272}.Release|Any CPU.ActiveCfg = Release|Any CPU
		{923C57CE-513C-B427-2214-9D505350C272}.Release|Any CPU.Build.0 = Release|Any CPU
	EndGlobalSection
	GlobalSection(SolutionProperties) = preSolution
		HideSolutionNode = FALSE
	EndGlobalSection
	GlobalSection(ExtensibilityGlobals) = postSolution
		SolutionGuid = {27B682B6-6CE5-491E-9BA5-87D027C88E9B}
	EndGlobalSection
EndGlobal
